// !$*UTF8*$!
{
	archiveVersion = 1;
	classes = {
	};
	objectVersion = 48;
	objects = {

/* Begin PBXBuildFile section */
		FE0DD5AB1F56720F001F8D53 /* LoggedinViewController.swift in Sources */ = {isa = PBXBuildFile; fileRef = FE0DD5AA1F56720F001F8D53 /* LoggedinViewController.swift */; };
		FE5944D61F4523C300CFB5A2 /* AppDelegate.swift in Sources */ = {isa = PBXBuildFile; fileRef = FE5944D51F4523C300CFB5A2 /* AppDelegate.swift */; };
		FE5944DB1F4523C300CFB5A2 /* Main.storyboard in Resources */ = {isa = PBXBuildFile; fileRef = FE5944D91F4523C300CFB5A2 /* Main.storyboard */; };
		FE5944DD1F4523C300CFB5A2 /* Assets.xcassets in Resources */ = {isa = PBXBuildFile; fileRef = FE5944DC1F4523C300CFB5A2 /* Assets.xcassets */; };
		FE5944E01F4523C300CFB5A2 /* LaunchScreen.storyboard in Resources */ = {isa = PBXBuildFile; fileRef = FE5944DE1F4523C300CFB5A2 /* LaunchScreen.storyboard */; };
		FE8B71A41F4C96110092C719 /* Utility.swift in Sources */ = {isa = PBXBuildFile; fileRef = FE8B71A31F4C96110092C719 /* Utility.swift */; };
		FEA4A95E1F4E533800E91DC0 /* loginTableViewController.swift in Sources */ = {isa = PBXBuildFile; fileRef = FEA4A95D1F4E533800E91DC0 /* loginTableViewController.swift */; };
		FEA4A9601F4E6A9500E91DC0 /* login.swift in Sources */ = {isa = PBXBuildFile; fileRef = FEA4A95F1F4E6A9500E91DC0 /* login.swift */; };
		FEA4A9621F4E7CA300E91DC0 /* createAccountTableViewController.swift in Sources */ = {isa = PBXBuildFile; fileRef = FEA4A9611F4E7CA300E91DC0 /* createAccountTableViewController.swift */; };
		FEDB51F21F4E26CC00C964D5 /* createAccount.swift in Sources */ = {isa = PBXBuildFile; fileRef = FEDB51F11F4E26CC00C964D5 /* createAccount.swift */; };
/* End PBXBuildFile section */

/* Begin PBXFileReference section */
		FE0DD5AA1F56720F001F8D53 /* LoggedinViewController.swift */ = {isa = PBXFileReference; lastKnownFileType = sourcecode.swift; path = LoggedinViewController.swift; sourceTree = "<group>"; };
		FE5944D21F4523C300CFB5A2 /* challengeFour.app */ = {isa = PBXFileReference; explicitFileType = wrapper.application; includeInIndex = 0; path = challengeFour.app; sourceTree = BUILT_PRODUCTS_DIR; };
		FE5944D51F4523C300CFB5A2 /* AppDelegate.swift */ = {isa = PBXFileReference; lastKnownFileType = sourcecode.swift; path = AppDelegate.swift; sourceTree = "<group>"; };
		FE5944DA1F4523C300CFB5A2 /* Base */ = {isa = PBXFileReference; lastKnownFileType = file.storyboard; name = Base; path = Base.lproj/Main.storyboard; sourceTree = "<group>"; };
		FE5944DC1F4523C300CFB5A2 /* Assets.xcassets */ = {isa = PBXFileReference; lastKnownFileType = folder.assetcatalog; path = Assets.xcassets; sourceTree = "<group>"; };
		FE5944DF1F4523C300CFB5A2 /* Base */ = {isa = PBXFileReference; lastKnownFileType = file.storyboard; name = Base; path = Base.lproj/LaunchScreen.storyboard; sourceTree = "<group>"; };
		FE5944E11F4523C300CFB5A2 /* Info.plist */ = {isa = PBXFileReference; lastKnownFileType = text.plist.xml; path = Info.plist; sourceTree = "<group>"; };
		FE8B71A31F4C96110092C719 /* Utility.swift */ = {isa = PBXFileReference; lastKnownFileType = sourcecode.swift; path = Utility.swift; sourceTree = "<group>"; };
		FEA4A95D1F4E533800E91DC0 /* loginTableViewController.swift */ = {isa = PBXFileReference; lastKnownFileType = sourcecode.swift; path = loginTableViewController.swift; sourceTree = "<group>"; };
		FEA4A95F1F4E6A9500E91DC0 /* login.swift */ = {isa = PBXFileReference; lastKnownFileType = sourcecode.swift; path = login.swift; sourceTree = "<group>"; };
		FEA4A9611F4E7CA300E91DC0 /* createAccountTableViewController.swift */ = {isa = PBXFileReference; lastKnownFileType = sourcecode.swift; path = createAccountTableViewController.swift; sourceTree = "<group>"; };
		FEDB51F11F4E26CC00C964D5 /* createAccount.swift */ = {isa = PBXFileReference; lastKnownFileType = sourcecode.swift; path = createAccount.swift; sourceTree = "<group>"; };
/* End PBXFileReference section */

/* Begin PBXFrameworksBuildPhase section */
		FE5944CF1F4523C300CFB5A2 /* Frameworks */ = {
			isa = PBXFrameworksBuildPhase;
			buildActionMask = 2147483647;
			files = (
			);
			runOnlyForDeploymentPostprocessing = 0;
		};
/* End PBXFrameworksBuildPhase section */

/* Begin PBXGroup section */
		FE5944C91F4523C200CFB5A2 = {
			isa = PBXGroup;
			children = (
				FE5944D41F4523C300CFB5A2 /* challengeFour */,
				FE5944D31F4523C300CFB5A2 /* Products */,
			);
			sourceTree = "<group>";
		};
		FE5944D31F4523C300CFB5A2 /* Products */ = {
			isa = PBXGroup;
			children = (
				FE5944D21F4523C300CFB5A2 /* challengeFour.app */,
			);
			name = Products;
			sourceTree = "<group>";
		};
		FE5944D41F4523C300CFB5A2 /* challengeFour */ = {
			isa = PBXGroup;
			children = (
				FE5944D51F4523C300CFB5A2 /* AppDelegate.swift */,
				FE0DD5AA1F56720F001F8D53 /* LoggedinViewController.swift */,
				FE8B71A31F4C96110092C719 /* Utility.swift */,
				FEDB51F11F4E26CC00C964D5 /* createAccount.swift */,
				FEA4A95F1F4E6A9500E91DC0 /* login.swift */,
				FEA4A95D1F4E533800E91DC0 /* loginTableViewController.swift */,
				FEA4A9611F4E7CA300E91DC0 /* createAccountTableViewController.swift */,
				FE5944D91F4523C300CFB5A2 /* Main.storyboard */,
				FE5944DC1F4523C300CFB5A2 /* Assets.xcassets */,
				FE5944DE1F4523C300CFB5A2 /* LaunchScreen.storyboard */,
				FE5944E11F4523C300CFB5A2 /* Info.plist */,
			);
			path = challengeFour;
			sourceTree = "<group>";
		};
/* End PBXGroup section */

/* Begin PBXNativeTarget section */
		FE5944D11F4523C300CFB5A2 /* challengeFour */ = {
			isa = PBXNativeTarget;
			buildConfigurationList = FE5944E41F4523C300CFB5A2 /* Build configuration list for PBXNativeTarget "challengeFour" */;
			buildPhases = (
				FE5944CE1F4523C300CFB5A2 /* Sources */,
				FE5944CF1F4523C300CFB5A2 /* Frameworks */,
				FE5944D01F4523C300CFB5A2 /* Resources */,
			);
			buildRules = (
			);
			dependencies = (
			);
			name = challengeFour;
			productName = challengeFour;
			productReference = FE5944D21F4523C300CFB5A2 /* challengeFour.app */;
			productType = "com.apple.product-type.application";
		};
/* End PBXNativeTarget section */

/* Begin PBXProject section */
		FE5944CA1F4523C200CFB5A2 /* Project object */ = {
			isa = PBXProject;
			attributes = {
				LastSwiftUpdateCheck = 0900;
				LastUpgradeCheck = 0900;
				ORGANIZATIONNAME = "Lijie Zhao";
				TargetAttributes = {
					FE5944D11F4523C300CFB5A2 = {
						CreatedOnToolsVersion = 9.0;
					};
				};
			};
			buildConfigurationList = FE5944CD1F4523C200CFB5A2 /* Build configuration list for PBXProject "challengeFour" */;
			compatibilityVersion = "Xcode 8.0";
			developmentRegion = en;
			hasScannedForEncodings = 0;
			knownRegions = (
				en,
				Base,
			);
			mainGroup = FE5944C91F4523C200CFB5A2;
			productRefGroup = FE5944D31F4523C300CFB5A2 /* Products */;
			projectDirPath = "";
			projectRoot = "";
			targets = (
				FE5944D11F4523C300CFB5A2 /* challengeFour */,
			);
		};
/* End PBXProject section */

/* Begin PBXResourcesBuildPhase section */
		FE5944D01F4523C300CFB5A2 /* Resources */ = {
			isa = PBXResourcesBuildPhase;
			buildActionMask = 2147483647;
			files = (
				FE5944E01F4523C300CFB5A2 /* LaunchScreen.storyboard in Resources */,
				FE5944DD1F4523C300CFB5A2 /* Assets.xcassets in Resources */,
				FE5944DB1F4523C300CFB5A2 /* Main.storyboard in Resources */,
			);
			runOnlyForDeploymentPostprocessing = 0;
		};
/* End PBXResourcesBuildPhase section */

/* Begin PBXSourcesBuildPhase section */
		FE5944CE1F4523C300CFB5A2 /* Sources */ = {
			isa = PBXSourcesBuildPhase;
			buildActionMask = 2147483647;
			files = (
				FE8B71A41F4C96110092C719 /* Utility.swift in Sources */,
				FEA4A9601F4E6A9500E91DC0 /* login.swift in Sources */,
				FEA4A95E1F4E533800E91DC0 /* loginTableViewController.swift in Sources */,
				FE5944D61F4523C300CFB5A2 /* AppDelegate.swift in Sources */,
				FEDB51F21F4E26CC00C964D5 /* createAccount.swift in Sources */,
				FE0DD5AB1F56720F001F8D53 /* LoggedinViewController.swift in Sources */,
				FEA4A9621F4E7CA300E91DC0 /* createAccountTableViewController.swift in Sources */,
			);
			runOnlyForDeploymentPostprocessing = 0;
		};
/* End PBXSourcesBuildPhase section */

/* Begin PBXVariantGroup section */
		FE5944D91F4523C300CFB5A2 /* Main.storyboard */ = {
			isa = PBXVariantGroup;
			children = (
				FE5944DA1F4523C300CFB5A2 /* Base */,
			);
			name = Main.storyboard;
			sourceTree = "<group>";
		};
		FE5944DE1F4523C300CFB5A2 /* LaunchScreen.storyboard */ = {
			isa = PBXVariantGroup;
			children = (
				FE5944DF1F4523C300CFB5A2 /* Base */,
			);
			name = LaunchScreen.storyboard;
			sourceTree = "<group>";
		};
/* End PBXVariantGroup section */

/* Begin XCBuildConfiguration section */
		FE5944E21F4523C300CFB5A2 /* Debug */ = {
			isa = XCBuildConfiguration;
			buildSettings = {
				ALWAYS_SEARCH_USER_PATHS = NO;
				CLANG_ANALYZER_NONNULL = YES;
				CLANG_ANALYZER_NUMBER_OBJECT_CONVERSION = YES_AGGRESSIVE;
				CLANG_CXX_LANGUAGE_STANDARD = "gnu++14";
				CLANG_CXX_LIBRARY = "libc++";
				CLANG_ENABLE_MODULES = YES;
				CLANG_ENABLE_OBJC_ARC = YES;
				CLANG_WARN_BLOCK_CAPTURE_AUTORELEASING = YES;
				CLANG_WARN_BOOL_CONVERSION = YES;
				CLANG_WARN_COMMA = YES;
				CLANG_WARN_CONSTANT_CONVERSION = YES;
				CLANG_WARN_DIRECT_OBJC_ISA_USAGE = YES_ERROR;
				CLANG_WARN_DOCUMENTATION_COMMENTS = YES;
				CLANG_WARN_EMPTY_BODY = YES;
				CLANG_WARN_ENUM_CONVERSION = YES;
				CLANG_WARN_INFINITE_RECURSION = YES;
				CLANG_WARN_INT_CONVERSION = YES;
				CLANG_WARN_NON_LITERAL_NULL_CONVERSION = YES;
				CLANG_WARN_OBJC_LITERAL_CONVERSION = YES;
				CLANG_WARN_OBJC_ROOT_CLASS = YES_ERROR;
				CLANG_WARN_RANGE_LOOP_ANALYSIS = YES;
				CLANG_WARN_STRICT_PROTOTYPES = YES;
				CLANG_WARN_SUSPICIOUS_MOVE = YES;
				CLANG_WARN_UNGUARDED_AVAILABILITY = YES_AGGRESSIVE;
				CLANG_WARN_UNREACHABLE_CODE = YES;
				CLANG_WARN__DUPLICATE_METHOD_MATCH = YES;
				CODE_SIGN_IDENTITY = "iPhone Developer";
				COPY_PHASE_STRIP = NO;
				DEBUG_INFORMATION_FORMAT = dwarf;
				ENABLE_STRICT_OBJC_MSGSEND = YES;
				ENABLE_TESTABILITY = YES;
				GCC_C_LANGUAGE_STANDARD = gnu11;
				GCC_DYNAMIC_NO_PIC = NO;
				GCC_NO_COMMON_BLOCKS = YES;
				GCC_OPTIMIZATION_LEVEL = 0;
				GCC_PREPROCESSOR_DEFINITIONS = (
					"DEBUG=1",
					"$(inherited)",
				);
				GCC_WARN_64_TO_32_BIT_CONVERSION = YES;
				GCC_WARN_ABOUT_RETURN_TYPE = YES_ERROR;
				GCC_WARN_UNDECLARED_SELECTOR = YES;
				GCC_WARN_UNINITIALIZED_AUTOS = YES_AGGRESSIVE;
				GCC_WARN_UNUSED_FUNCTION = YES;
				GCC_WARN_UNUSED_VARIABLE = YES;
				IPHONEOS_DEPLOYMENT_TARGET = 11.0;
				MTL_ENABLE_DEBUG_INFO = YES;
				ONLY_ACTIVE_ARCH = YES;
				SDKROOT = iphoneos;
				SWIFT_ACTIVE_COMPILATION_CONDITIONS = DEBUG;
				SWIFT_OPTIMIZATION_LEVEL = "-Onone";
			};
			name = Debug;
		};
		FE5944E31F4523C300CFB5A2 /* Release */ = {
			isa = XCBuildConfiguration;
			buildSettings = {
				ALWAYS_SEARCH_USER_PATHS = NO;
				CLANG_ANALYZER_NONNULL = YES;
				CLANG_ANALYZER_NUMBER_OBJECT_CONVERSION = YES_AGGRESSIVE;
				CLANG_CXX_LANGUAGE_STANDARD = "gnu++14";
				CLANG_CXX_LIBRARY = "libc++";
				CLANG_ENABLE_MODULES = YES;
				CLANG_ENABLE_OBJC_ARC = YES;
				CLANG_WARN_BLOCK_CAPTURE_AUTORELEASING = YES;
				CLANG_WARN_BOOL_CONVERSION = YES;
				CLANG_WARN_COMMA = YES;
				CLANG_WARN_CONSTANT_CONVERSION = YES;
				CLANG_WARN_DIRECT_OBJC_ISA_USAGE = YES_ERROR;
				CLANG_WARN_DOCUMENTATION_COMMENTS = YES;
				CLANG_WARN_EMPTY_BODY = YES;
				CLANG_WARN_ENUM_CONVERSION = YES;
				CLANG_WARN_INFINITE_RECURSION = YES;
				CLANG_WARN_INT_CONVERSION = YES;
				CLANG_WARN_NON_LITERAL_NULL_CONVERSION = YES;
				CLANG_WARN_OBJC_LITERAL_CONVERSION = YES;
				CLANG_WARN_OBJC_ROOT_CLASS = YES_ERROR;
				CLANG_WARN_RANGE_LOOP_ANALYSIS = YES;
				CLANG_WARN_STRICT_PROTOTYPES = YES;
				CLANG_WARN_SUSPICIOUS_MOVE = YES;
				CLANG_WARN_UNGUARDED_AVAILABILITY = YES_AGGRESSIVE;
				CLANG_WARN_UNREACHABLE_CODE = YES;
				CLANG_WARN__DUPLICATE_METHOD_MATCH = YES;
				CODE_SIGN_IDENTITY = "iPhone Developer";
				COPY_PHASE_STRIP = NO;
				DEBUG_INFORMATION_FORMAT = "dwarf-with-dsym";
				ENABLE_NS_ASSERTIONS = NO;
				ENABLE_STRICT_OBJC_MSGSEND = YES;
				GCC_C_LANGUAGE_STANDARD = gnu11;
				GCC_NO_COMMON_BLOCKS = YES;
				GCC_WARN_64_TO_32_BIT_CONVERSION = YES;
				GCC_WARN_ABOUT_RETURN_TYPE = YES_ERROR;
				GCC_WARN_UNDECLARED_SELECTOR = YES;
				GCC_WARN_UNINITIALIZED_AUTOS = YES_AGGRESSIVE;
				GCC_WARN_UNUSED_FUNCTION = YES;
				GCC_WARN_UNUSED_VARIABLE = YES;
				IPHONEOS_DEPLOYMENT_TARGET = 11.0;
				MTL_ENABLE_DEBUG_INFO = NO;
				SDKROOT = iphoneos;
				SWIFT_OPTIMIZATION_LEVEL = "-Owholemodule";
				VALIDATE_PRODUCT = YES;
			};
			name = Release;
		};
		FE5944E51F4523C300CFB5A2 /* Debug */ = {
			isa = XCBuildConfiguration;
			buildSettings = {
				ASSETCATALOG_COMPILER_APPICON_NAME = AppIcon;
				DEVELOPMENT_TEAM = 3RB5P9H52G;
				INFOPLIST_FILE = challengeFour/Info.plist;
				LD_RUNPATH_SEARCH_PATHS = "$(inherited) @executable_path/Frameworks";
				PRODUCT_BUNDLE_IDENTIFIER = ZHAO.challengeFour;
				PRODUCT_NAME = "$(TARGET_NAME)";
				SWIFT_VERSION = 4.0;
				TARGETED_DEVICE_FAMILY = "1,2";
			};
			name = Debug;
		};
		FE5944E61F4523C300CFB5A2 /* Release */ = {
			isa = XCBuildConfiguration;
			buildSettings = {
				ASSETCATALOG_COMPILER_APPICON_NAME = AppIcon;
				DEVELOPMENT_TEAM = 3RB5P9H52G;
				INFOPLIST_FILE = challengeFour/Info.plist;
				LD_RUNPATH_SEARCH_PATHS = "$(inherited) @executable_path/Frameworks";
				PRODUCT_BUNDLE_IDENTIFIER = ZHAO.challengeFour;
				PRODUCT_NAME = "$(TARGET_NAME)";
				SWIFT_VERSION = 4.0;
				TARGETED_DEVICE_FAMILY = "1,2";
			};
			name = Release;
		};
/* End XCBuildConfiguration section */

/* Begin XCConfigurationList section */
		FE5944CD1F4523C200CFB5A2 /* Build configuration list for PBXProject "challengeFour" */ = {
			isa = XCConfigurationList;
			buildConfigurations = (
				FE5944E21F4523C300CFB5A2 /* Debug */,
				FE5944E31F4523C300CFB5A2 /* Release */,
			);
			defaultConfigurationIsVisible = 0;
			defaultConfigurationName = Release;
		};
		FE5944E41F4523C300CFB5A2 /* Build configuration list for PBXNativeTarget "challengeFour" */ = {
			isa = XCConfigurationList;
			buildConfigurations = (
				FE5944E51F4523C300CFB5A2 /* Debug */,
				FE5944E61F4523C300CFB5A2 /* Release */,
			);
			defaultConfigurationIsVisible = 0;
			defaultConfigurationName = Release;
		};
/* End XCConfigurationList section */
	};
	rootObject = FE5944CA1F4523C200CFB5A2 /* Project object */;
}
